
Microsoft Visual Studio Solution File, Format Version 12.00
# Visual Studio Version 16
VisualStudioVersion = 16.0.30011.22
MinimumVisualStudioVersion = 10.0.40219.1
Project("{888888A0-9F3D-457C-B088-3A5042F75D52}") = "BasicProject", "BasicProject\BasicProject.pyproj", "{D6EAC0C1-63E8-43D4-A265-5D54F60A6961}"
EndProject
Global
	GlobalSection(SolutionConfigurationPlatforms) = preSolution
		Debug|Any CPU = Debug|Any CPU
		Release|Any CPU = Release|Any CPU
	EndGlobalSection
	GlobalSection(ProjectConfigurationPlatforms) = postSolution
		{D6EAC0C1-63E8-43D4-A265-5D54F60A6961}.Debug|Any CPU.ActiveCfg = Debug|Any CPU
		{D6EAC0C1-63E8-43D4-A265-5D54F60A6961}.Debug|Any CPU.Build.0 = Debug|Any CPU
		{D6EAC0C1-63E8-43D4-A265-5D54F60A6961}.Release|Any CPU.ActiveCfg = Release|Any CPU
		{D6EAC0C1-63E8-43D4-A265-5D54F60A6961}.Release|Any CPU.Build.0 = Release|Any CPU
	EndGlobalSection
	GlobalSection(SolutionProperties) = preSolution
		HideSolutionNode = FALSE
	EndGlobalSection
	GlobalSection(ExtensibilityGlobals) = postSolution
		SolutionGuid = {D50984AD-E27C-48D0-99BB-6631E30DEC1F}
	EndGlobalSection
EndGlobal
